
Microsoft Visual Studio Solution File, Format Version 12.00
# Visual Studio 2013
VisualStudioVersion = 12.0.31101.0
MinimumVisualStudioVersion = 10.0.40219.1
Project("{FAE04EC0-301F-11D3-BF4B-00C04F79EFBC}") = "Domain", "ClassLibrary1\Domain.csproj", "{D91B803A-0274-4A54-B165-866B6AE9CEA8}"
EndProject
Project("{FAE04EC0-301F-11D3-BF4B-00C04F79EFBC}") = "ShoppingManagerWeb", "WebApplication1\ShoppingManagerWeb.csproj", "{3F581888-CD37-4761-92A5-F3BC55C6A813}"
EndProject
Project("{2150E333-8FDC-42A3-9474-1A3956D46DE8}") = ".nuget", ".nuget", "{C9F89691-717D-4DC6-A21E-B17823081F71}"
	ProjectSection(SolutionItems) = preProject
		.nuget\NuGet.Config = .nuget\NuGet.Config
		.nuget\NuGet.exe = .nuget\NuGet.exe
		.nuget\NuGet.targets = .nuget\NuGet.targets
	EndProjectSection
EndProject
Global
	GlobalSection(SolutionConfigurationPlatforms) = preSolution
		Debug|Any CPU = Debug|Any CPU
		Release|Any CPU = Release|Any CPU
	EndGlobalSection
	GlobalSection(ProjectConfigurationPlatforms) = postSolution
		{D91B803A-0274-4A54-B165-866B6AE9CEA8}.Debug|Any CPU.ActiveCfg = Debug|Any CPU
		{D91B803A-0274-4A54-B165-866B6AE9CEA8}.Debug|Any CPU.Build.0 = Debug|Any CPU
		{D91B803A-0274-4A54-B165-866B6AE9CEA8}.Release|Any CPU.ActiveCfg = Release|Any CPU
		{D91B803A-0274-4A54-B165-866B6AE9CEA8}.Release|Any CPU.Build.0 = Release|Any CPU
		{3F581888-CD37-4761-92A5-F3BC55C6A813}.Debug|Any CPU.ActiveCfg = Debug|Any CPU
		{3F581888-CD37-4761-92A5-F3BC55C6A813}.Debug|Any CPU.Build.0 = Debug|Any CPU
		{3F581888-CD37-4761-92A5-F3BC55C6A813}.Release|Any CPU.ActiveCfg = Release|Any CPU
		{3F581888-CD37-4761-92A5-F3BC55C6A813}.Release|Any CPU.Build.0 = Release|Any CPU
	EndGlobalSection
	GlobalSection(SolutionProperties) = preSolution
		HideSolutionNode = FALSE
	EndGlobalSection
EndGlobal
